PODS:
  - desktop_drop (0.0.1):
    - FlutterMacOS
  - FlutterMacOS (1.0.0)
  - rive_native (0.0.1):
    - FlutterMacOS

DEPENDENCIES:
  - desktop_drop (from `Flutter/ephemeral/.symlinks/plugins/desktop_drop/macos`)
  - FlutterMacOS (from `Flutter/ephemeral`)
  - rive_native (from `Flutter/ephemeral/.symlinks/plugins/rive_native/macos`)

EXTERNAL SOURCES:
  desktop_drop:
    :path: Flutter/ephemeral/.symlinks/plugins/desktop_drop/macos
  FlutterMacOS:
    :path: Flutter/ephemeral
  rive_native:
    :path: Flutter/ephemeral/.symlinks/plugins/rive_native/macos

SPEC CHECKSUMS:
  desktop_drop: 248706031734554504f939cab1ad4c5fbc9c9c72
  FlutterMacOS: 8f6f14fa908a6fb3fba0cd85dbd81ec4b251fb24
  rive_native: 37329f8129810c7cb10c98bee0e3c4431a1bedd9

PODFILE CHECKSUM: 7eb978b976557c8c1cd717d8185ec483fd090a82

COCOAPODS: 1.16.2
